
Microsoft Visual Studio Solution File, Format Version 12.00
# Visual Studio Version 16
VisualStudioVersion = 16.0.29424.173
MinimumVisualStudioVersion = 10.0.40219.1
Project("{FAE04EC0-301F-11D3-BF4B-00C04F79EFBC}") = "POC.Audit", "POC.Audit\POC.Audit.csproj", "{0BDBC89F-1981-4B40-88B9-1710E0360600}"
EndProject
Global
	GlobalSection(SolutionConfigurationPlatforms) = preSolution
		Debug|Any CPU = Debug|Any CPU
		Release|Any CPU = Release|Any CPU
	EndGlobalSection
	GlobalSection(ProjectConfigurationPlatforms) = postSolution
		{0BDBC89F-1981-4B40-88B9-1710E0360600}.Debug|Any CPU.ActiveCfg = Debug|Any CPU
		{0BDBC89F-1981-4B40-88B9-1710E0360600}.Debug|Any CPU.Build.0 = Debug|Any CPU
		{0BDBC89F-1981-4B40-88B9-1710E0360600}.Release|Any CPU.ActiveCfg = Release|Any CPU
		{0BDBC89F-1981-4B40-88B9-1710E0360600}.Release|Any CPU.Build.0 = Release|Any CPU
	EndGlobalSection
	GlobalSection(SolutionProperties) = preSolution
		HideSolutionNode = FALSE
	EndGlobalSection
	GlobalSection(ExtensibilityGlobals) = postSolution
		SolutionGuid = {BAF6C03D-BDCF-4314-B57E-1AC82F80F4E2}
	EndGlobalSection
EndGlobal
